
Microsoft Visual Studio Solution File, Format Version 12.00
# Visual Studio Version 16
VisualStudioVersion = 16.0.30523.141
MinimumVisualStudioVersion = 10.0.40219.1
Project("{9A19103F-16F7-4668-BE54-9A1E7A4F7556}") = "Supp.Web", "src\Supp.Web\Supp.Web.csproj", "{A8C18A10-2BB0-4A5B-8596-E10EB2BA0BF8}"
EndProject
Project("{9A19103F-16F7-4668-BE54-9A1E7A4F7556}") = "Supp.Core", "src\Supp.Core\Supp.Core.csproj", "{C94FDD76-6014-4E7B-8D64-2E8420667FAC}"
EndProject
Global
	GlobalSection(SolutionConfigurationPlatforms) = preSolution
		Debug|Any CPU = Debug|Any CPU
		Release|Any CPU = Release|Any CPU
	EndGlobalSection
	GlobalSection(ProjectConfigurationPlatforms) = postSolution
		{A8C18A10-2BB0-4A5B-8596-E10EB2BA0BF8}.Debug|Any CPU.ActiveCfg = Debug|Any CPU
		{A8C18A10-2BB0-4A5B-8596-E10EB2BA0BF8}.Debug|Any CPU.Build.0 = Debug|Any CPU
		{A8C18A10-2BB0-4A5B-8596-E10EB2BA0BF8}.Release|Any CPU.ActiveCfg = Release|Any CPU
		{A8C18A10-2BB0-4A5B-8596-E10EB2BA0BF8}.Release|Any CPU.Build.0 = Release|Any CPU
		{C94FDD76-6014-4E7B-8D64-2E8420667FAC}.Debug|Any CPU.ActiveCfg = Debug|Any CPU
		{C94FDD76-6014-4E7B-8D64-2E8420667FAC}.Debug|Any CPU.Build.0 = Debug|Any CPU
		{C94FDD76-6014-4E7B-8D64-2E8420667FAC}.Release|Any CPU.ActiveCfg = Release|Any CPU
		{C94FDD76-6014-4E7B-8D64-2E8420667FAC}.Release|Any CPU.Build.0 = Release|Any CPU
	EndGlobalSection
	GlobalSection(SolutionProperties) = preSolution
		HideSolutionNode = FALSE
	EndGlobalSection
	GlobalSection(ExtensibilityGlobals) = postSolution
		SolutionGuid = {2DA19EAB-DF63-4C2B-B367-13EA6F4337DF}
	EndGlobalSection
EndGlobal
